
Microsoft Visual Studio Solution File, Format Version 12.00
# Visual Studio 2017
Project("{FAE04EC0-301F-11D3-BF4B-00C04F79EFBC}") = "GameProdVI.Plugins", "GameProdVI.Plugins.csproj", "{FB979587-86AD-5F11-C7C6-F535F8F75E63}"
EndProject
Project("{FAE04EC0-301F-11D3-BF4B-00C04F79EFBC}") = "GameProdVI.Editor.Plugins", "GameProdVI.Editor.Plugins.csproj", "{037E1C71-877F-6929-619C-1641A9EA91F5}"
EndProject
Global
	GlobalSection(SolutionConfigurationPlatforms) = preSolution
		Debug|Any CPU = Debug|Any CPU
		Release|Any CPU = Release|Any CPU
	EndGlobalSection
	GlobalSection(ProjectConfigurationPlatforms) = postSolution
		{FB979587-86AD-5F11-C7C6-F535F8F75E63}.Debug|Any CPU.ActiveCfg = Debug|Any CPU
		{FB979587-86AD-5F11-C7C6-F535F8F75E63}.Debug|Any CPU.Build.0 = Debug|Any CPU
		{FB979587-86AD-5F11-C7C6-F535F8F75E63}.Release|Any CPU.ActiveCfg = Release|Any CPU
		{FB979587-86AD-5F11-C7C6-F535F8F75E63}.Release|Any CPU.Build.0 = Release|Any CPU
		{037E1C71-877F-6929-619C-1641A9EA91F5}.Debug|Any CPU.ActiveCfg = Debug|Any CPU
		{037E1C71-877F-6929-619C-1641A9EA91F5}.Debug|Any CPU.Build.0 = Debug|Any CPU
		{037E1C71-877F-6929-619C-1641A9EA91F5}.Release|Any CPU.ActiveCfg = Release|Any CPU
		{037E1C71-877F-6929-619C-1641A9EA91F5}.Release|Any CPU.Build.0 = Release|Any CPU
	EndGlobalSection
	GlobalSection(SolutionProperties) = preSolution
		HideSolutionNode = FALSE
	EndGlobalSection
EndGlobal
